
Microsoft Visual Studio Solution File, Format Version 12.00
# Visual Studio Version 16
VisualStudioVersion = 16.0.29905.134
MinimumVisualStudioVersion = 10.0.40219.1
Project("{9A19103F-16F7-4668-BE54-9A1E7A4F7556}") = "ObserverPattern", "ObserverPattern\ObserverPattern.csproj", "{0FE66834-F458-4917-857A-C42A73470213}"
EndProject
Project("{9A19103F-16F7-4668-BE54-9A1E7A4F7556}") = "ProxyPattern", "ProxyPattern\ProxyPattern.csproj", "{695C4DA2-E684-43DE-AB02-F6D3D27EF963}"
EndProject
Project("{9A19103F-16F7-4668-BE54-9A1E7A4F7556}") = "IteratorPattern", "IteratorPattern\IteratorPattern.csproj", "{9FFBE706-4AD0-4D39-842A-92D90BDC9FE2}"
EndProject
Project("{9A19103F-16F7-4668-BE54-9A1E7A4F7556}") = "ChainOfResponsibilityPattern", "ChainOfResponsibilityPattern\ChainOfResponsibilityPattern.csproj", "{2459981A-F119-4D5F-91F0-D93E37C548E4}"
EndProject
Project("{9A19103F-16F7-4668-BE54-9A1E7A4F7556}") = "FacadePattern", "FacadePattern\FacadePattern.csproj", "{480A9FDC-A85A-424B-A081-A0B8F5930EE6}"
EndProject
Project("{9A19103F-16F7-4668-BE54-9A1E7A4F7556}") = "FactoryPattern", "FactoryPattern\FactoryPattern.csproj", "{D8097DD9-7753-49D8-B7A3-CAC30A065601}"
EndProject
Project("{FAE04EC0-301F-11D3-BF4B-00C04F79EFBC}") = "BuilderPattern", "BuilderPattern\BuilderPattern.csproj", "{F8A6865F-E904-475C-B8F8-8C8E07907FBF}"
EndProject
Project("{FAE04EC0-301F-11D3-BF4B-00C04F79EFBC}") = "AdapterPattern", "AdapterPattern\AdapterPattern.csproj", "{EC5F52A3-9DA9-4B3E-9F73-1F0C9B211947}"
EndProject
Project("{FAE04EC0-301F-11D3-BF4B-00C04F79EFBC}") = "DecoratorPattern", "DecoratorPattern\DecoratorPattern.csproj", "{AD549D87-47E5-4B78-98EC-B23A69300A03}"
EndProject
Global
	GlobalSection(SolutionConfigurationPlatforms) = preSolution
		Debug|Any CPU = Debug|Any CPU
		Release|Any CPU = Release|Any CPU
	EndGlobalSection
	GlobalSection(ProjectConfigurationPlatforms) = postSolution
		{0FE66834-F458-4917-857A-C42A73470213}.Debug|Any CPU.ActiveCfg = Debug|Any CPU
		{0FE66834-F458-4917-857A-C42A73470213}.Debug|Any CPU.Build.0 = Debug|Any CPU
		{0FE66834-F458-4917-857A-C42A73470213}.Release|Any CPU.ActiveCfg = Release|Any CPU
		{0FE66834-F458-4917-857A-C42A73470213}.Release|Any CPU.Build.0 = Release|Any CPU
		{695C4DA2-E684-43DE-AB02-F6D3D27EF963}.Debug|Any CPU.ActiveCfg = Debug|Any CPU
		{695C4DA2-E684-43DE-AB02-F6D3D27EF963}.Debug|Any CPU.Build.0 = Debug|Any CPU
		{695C4DA2-E684-43DE-AB02-F6D3D27EF963}.Release|Any CPU.ActiveCfg = Release|Any CPU
		{695C4DA2-E684-43DE-AB02-F6D3D27EF963}.Release|Any CPU.Build.0 = Release|Any CPU
		{9FFBE706-4AD0-4D39-842A-92D90BDC9FE2}.Debug|Any CPU.ActiveCfg = Debug|Any CPU
		{9FFBE706-4AD0-4D39-842A-92D90BDC9FE2}.Debug|Any CPU.Build.0 = Debug|Any CPU
		{9FFBE706-4AD0-4D39-842A-92D90BDC9FE2}.Release|Any CPU.ActiveCfg = Release|Any CPU
		{9FFBE706-4AD0-4D39-842A-92D90BDC9FE2}.Release|Any CPU.Build.0 = Release|Any CPU
		{2459981A-F119-4D5F-91F0-D93E37C548E4}.Debug|Any CPU.ActiveCfg = Debug|Any CPU
		{2459981A-F119-4D5F-91F0-D93E37C548E4}.Debug|Any CPU.Build.0 = Debug|Any CPU
		{2459981A-F119-4D5F-91F0-D93E37C548E4}.Release|Any CPU.ActiveCfg = Release|Any CPU
		{2459981A-F119-4D5F-91F0-D93E37C548E4}.Release|Any CPU.Build.0 = Release|Any CPU
		{480A9FDC-A85A-424B-A081-A0B8F5930EE6}.Debug|Any CPU.ActiveCfg = Debug|Any CPU
		{480A9FDC-A85A-424B-A081-A0B8F5930EE6}.Debug|Any CPU.Build.0 = Debug|Any CPU
		{480A9FDC-A85A-424B-A081-A0B8F5930EE6}.Release|Any CPU.ActiveCfg = Release|Any CPU
		{480A9FDC-A85A-424B-A081-A0B8F5930EE6}.Release|Any CPU.Build.0 = Release|Any CPU
		{D8097DD9-7753-49D8-B7A3-CAC30A065601}.Debug|Any CPU.ActiveCfg = Debug|Any CPU
		{D8097DD9-7753-49D8-B7A3-CAC30A065601}.Debug|Any CPU.Build.0 = Debug|Any CPU
		{D8097DD9-7753-49D8-B7A3-CAC30A065601}.Release|Any CPU.ActiveCfg = Release|Any CPU
		{D8097DD9-7753-49D8-B7A3-CAC30A065601}.Release|Any CPU.Build.0 = Release|Any CPU
		{F8A6865F-E904-475C-B8F8-8C8E07907FBF}.Debug|Any CPU.ActiveCfg = Debug|Any CPU
		{F8A6865F-E904-475C-B8F8-8C8E07907FBF}.Debug|Any CPU.Build.0 = Debug|Any CPU
		{F8A6865F-E904-475C-B8F8-8C8E07907FBF}.Release|Any CPU.ActiveCfg = Release|Any CPU
		{F8A6865F-E904-475C-B8F8-8C8E07907FBF}.Release|Any CPU.Build.0 = Release|Any CPU
		{EC5F52A3-9DA9-4B3E-9F73-1F0C9B211947}.Debug|Any CPU.ActiveCfg = Debug|Any CPU
		{EC5F52A3-9DA9-4B3E-9F73-1F0C9B211947}.Debug|Any CPU.Build.0 = Debug|Any CPU
		{EC5F52A3-9DA9-4B3E-9F73-1F0C9B211947}.Release|Any CPU.ActiveCfg = Release|Any CPU
		{EC5F52A3-9DA9-4B3E-9F73-1F0C9B211947}.Release|Any CPU.Build.0 = Release|Any CPU
		{AD549D87-47E5-4B78-98EC-B23A69300A03}.Debug|Any CPU.ActiveCfg = Debug|Any CPU
		{AD549D87-47E5-4B78-98EC-B23A69300A03}.Debug|Any CPU.Build.0 = Debug|Any CPU
		{AD549D87-47E5-4B78-98EC-B23A69300A03}.Release|Any CPU.ActiveCfg = Release|Any CPU
		{AD549D87-47E5-4B78-98EC-B23A69300A03}.Release|Any CPU.Build.0 = Release|Any CPU
	EndGlobalSection
	GlobalSection(SolutionProperties) = preSolution
		HideSolutionNode = FALSE
	EndGlobalSection
	GlobalSection(ExtensibilityGlobals) = postSolution
		SolutionGuid = {9747A9BC-F730-4FFA-96DE-842B54D78A61}
	EndGlobalSection
EndGlobal
